PODS:
  - Bryce (0.1.0):
    - PromiseKit
  - PromiseKit (6.7.1):
    - PromiseKit/CorePromise (= 6.7.1)
    - PromiseKit/Foundation (= 6.7.1)
    - PromiseKit/UIKit (= 6.7.1)
  - PromiseKit/CorePromise (6.7.1)
  - PromiseKit/Foundation (6.7.1):
    - PromiseKit/CorePromise
  - PromiseKit/UIKit (6.7.1):
    - PromiseKit/CorePromise

DEPENDENCIES:
  - Bryce (from `../`)

SPEC REPOS:
  https://github.com/cocoapods/specs.git:
    - PromiseKit

EXTERNAL SOURCES:
  Bryce:
    :path: "../"

SPEC CHECKSUMS:
  Bryce: 1ab10ccdd43e849971a9541bb8f96f5be72c8362
  PromiseKit: ef376fb8b4e92edfeb66bd403b983eaa07fbde0c

PODFILE CHECKSUM: d2f09dcba616ea124d1ceb2acfcc1cda3d0607c2

COCOAPODS: 1.5.3
