PODS:
  - Alamofire (5.0.5)
  - AlamofireNetworkActivityLogger (3.0.0):
    - Alamofire (~> 5.0.0-rc.2)
  - BryceNetworking (3.0.0):
    - BryceNetworking/HTTP (= 3.0.0)
  - BryceNetworking/Core (3.0.0):
    - Alamofire (~> 5.0)
    - AlamofireNetworkActivityLogger (~> 3.0)
  - BryceNetworking/HTTP (3.0.0):
    - BryceNetworking/Core

DEPENDENCIES:
  - BryceNetworking (from `../`)

SPEC REPOS:
  trunk:
    - Alamofire
    - AlamofireNetworkActivityLogger

EXTERNAL SOURCES:
  BryceNetworking:
    :path: "../"

SPEC CHECKSUMS:
  Alamofire: df2f8f826963b08b9a870791ad48e07a10090b2e
  AlamofireNetworkActivityLogger: 94e8a7d454a4a9800cef1d0c1d3699754493684b
  BryceNetworking: 97c117c59c9da1456ba83add0434aa29f31ef03a

PODFILE CHECKSUM: 581fcf1fe10fdd5838c37e6afbb3203be5e7b461

COCOAPODS: 1.9.3
