PODS:
  - Alamofire (4.8.1)
  - AlamofireNetworkActivityLogger (2.3.0):
    - Alamofire (~> 4.6)
  - BryceNetworking (1.0.4):
    - BryceNetworking/HTTP (= 1.0.4)
  - BryceNetworking/Core (1.0.4):
    - Alamofire
    - AlamofireNetworkActivityLogger
    - CodableAlamofire
    - KeychainAccess
  - BryceNetworking/HTTP (1.0.4):
    - BryceNetworking/Core
  - BryceNetworking/Keychain (1.0.4):
    - BryceNetworking/Core
  - BryceNetworking/Promises (1.0.4):
    - BryceNetworking/Core
    - PromiseKit/Alamofire
  - CodableAlamofire (1.1.0):
    - Alamofire (~> 4.0)
  - KeychainAccess (3.1.2)
  - PromiseKit (6.8.3):
    - PromiseKit/CorePromise (= 6.8.3)
    - PromiseKit/Foundation (= 6.8.3)
    - PromiseKit/UIKit (= 6.8.3)
  - PromiseKit/Alamofire (6.8.3):
    - Alamofire (~> 4.0)
    - PromiseKit/CorePromise
  - PromiseKit/CorePromise (6.8.3)
  - PromiseKit/Foundation (6.8.3):
    - PromiseKit/CorePromise
  - PromiseKit/UIKit (6.8.3):
    - PromiseKit/CorePromise

DEPENDENCIES:
  - BryceNetworking (from `../`)
  - BryceNetworking/Keychain (from `../`)
  - BryceNetworking/Promises (from `../`)
  - CodableAlamofire
  - PromiseKit
  - PromiseKit/Alamofire

SPEC REPOS:
  https://github.com/cocoapods/specs.git:
    - Alamofire
    - AlamofireNetworkActivityLogger
    - CodableAlamofire
    - KeychainAccess
    - PromiseKit

EXTERNAL SOURCES:
  BryceNetworking:
    :path: "../"

SPEC CHECKSUMS:
  Alamofire: 16ce2c353fb72865124ddae8a57c5942388f4f11
  AlamofireNetworkActivityLogger: 6f3076652ab7fa6c819b59be08ea038d339e36d8
  BryceNetworking: 1a0f1e18b1c9ab82bec2f2571072514a0a125613
  CodableAlamofire: e2d2edcec7cf413f7862c30c8fa98eded27a83f9
  KeychainAccess: b3816fddcf28aa29d94b10ec305cd52be14c472b
  PromiseKit: 94c6e781838c5bf4717677d0d882b0e7250c80fc

PODFILE CHECKSUM: c0195b08c0a32618154a157c032ce690bc8f1560

COCOAPODS: 1.6.0
