{
  "object": {
    "pins": [
      {
        "package": "Alamofire",
        "repositoryURL": "https://github.com/Alamofire/Alamofire.git",
        "state": {
          "branch": null,
          "revision": "f96b619bcb2383b43d898402283924b80e2c4bae",
          "version": "5.4.3"
        }
      },
      {
        "package": "AlamofireNetworkActivityLogger",
        "repositoryURL": "https://github.com/erusso1/AlamofireNetworkActivityLogger.git",
        "state": {
          "branch": null,
          "revision": "dc5392634184b8188c5fb751e4ae1dbc38ed40ec",
          "version": "3.0.1"
        }
      }
    ]
  },
  "version": 1
}
